// !$*UTF8*$!
{
	archiveVersion = 1;
	classes = {
	};
	objectVersion = 55;
	objects = {

/* Begin PBXBuildFile section */
		91187152296C19CE00F0E3D5 /* UIColor.swift in Sources */ = {isa = PBXBuildFile; fileRef = 91187151296C19CE00F0E3D5 /* UIColor.swift */; };
		9148B56429671467000DCA7E /* SceneDelegate.swift in Sources */ = {isa = PBXBuildFile; fileRef = 9148B56329671467000DCA7E /* SceneDelegate.swift */; };
		9148B56629671467000DCA7E /* MenuViewController.swift in Sources */ = {isa = PBXBuildFile; fileRef = 9148B56529671467000DCA7E /* MenuViewController.swift */; };
		9148B56B29671468000DCA7E /* Assets.xcassets in Resources */ = {isa = PBXBuildFile; fileRef = 9148B56A29671468000DCA7E /* Assets.xcassets */; };
		9148B56E29671468000DCA7E /* LaunchScreen.storyboard in Resources */ = {isa = PBXBuildFile; fileRef = 9148B56C29671468000DCA7E /* LaunchScreen.storyboard */; };
		9148B5762967163F000DCA7E /* AppDelegate.swift in Sources */ = {isa = PBXBuildFile; fileRef = 9148B5752967163F000DCA7E /* AppDelegate.swift */; };
		9148B57A29671930000DCA7E /* InteractiveViewController.swift in Sources */ = {isa = PBXBuildFile; fileRef = 9148B57929671930000DCA7E /* InteractiveViewController.swift */; };
		9148B57D29672B50000DCA7E /* Interactive.swift in Sources */ = {isa = PBXBuildFile; fileRef = 9148B57C29672B50000DCA7E /* Interactive.swift */; };
		9148B58029672D50000DCA7E /* QuizViewController.swift in Sources */ = {isa = PBXBuildFile; fileRef = 9148B57F29672D50000DCA7E /* QuizViewController.swift */; };
		9148B58229672D95000DCA7E /* MatchingViewController.swift in Sources */ = {isa = PBXBuildFile; fileRef = 9148B58129672D95000DCA7E /* MatchingViewController.swift */; };
		9148B58429672DBD000DCA7E /* DragAndDropViewController.swift in Sources */ = {isa = PBXBuildFile; fileRef = 9148B58329672DBD000DCA7E /* DragAndDropViewController.swift */; };
		9148B58629672E5F000DCA7E /* FillFormViewController.swift in Sources */ = {isa = PBXBuildFile; fileRef = 9148B58529672E5F000DCA7E /* FillFormViewController.swift */; };
		9148B58829672EAC000DCA7E /* RatingViewController.swift in Sources */ = {isa = PBXBuildFile; fileRef = 9148B58729672EAC000DCA7E /* RatingViewController.swift */; };
		9148B58A296730D1000DCA7E /* InteractiveCollectionViewCell.swift in Sources */ = {isa = PBXBuildFile; fileRef = 9148B589296730D1000DCA7E /* InteractiveCollectionViewCell.swift */; };
		9192C76B296D87E50050014C /* QuestionModel.swift in Sources */ = {isa = PBXBuildFile; fileRef = 9192C76A296D87E50050014C /* QuestionModel.swift */; };
		9192C770296DB88F0050014C /* QuestionCollectionViewCell.swift in Sources */ = {isa = PBXBuildFile; fileRef = 9192C76E296DB88F0050014C /* QuestionCollectionViewCell.swift */; };
		9192C771296DB88F0050014C /* QuestionCollectionViewCell.xib in Resources */ = {isa = PBXBuildFile; fileRef = 9192C76F296DB88F0050014C /* QuestionCollectionViewCell.xib */; };
		91CE834A297312ED00CA0AC4 /* Splash.json in Resources */ = {isa = PBXBuildFile; fileRef = 91CE8349297312ED00CA0AC4 /* Splash.json */; };
		CF036375A7C3239A62C1820A /* Pods_Interactive.framework in Frameworks */ = {isa = PBXBuildFile; fileRef = 0FC639EC60343C700B929932 /* Pods_Interactive.framework */; };
/* End PBXBuildFile section */

/* Begin PBXFileReference section */
		0FC639EC60343C700B929932 /* Pods_Interactive.framework */ = {isa = PBXFileReference; explicitFileType = wrapper.framework; includeInIndex = 0; path = Pods_Interactive.framework; sourceTree = BUILT_PRODUCTS_DIR; };
		7475E076AF7085CBEBD38FB1 /* Pods-Interactive.release.xcconfig */ = {isa = PBXFileReference; includeInIndex = 1; lastKnownFileType = text.xcconfig; name = "Pods-Interactive.release.xcconfig"; path = "Target Support Files/Pods-Interactive/Pods-Interactive.release.xcconfig"; sourceTree = "<group>"; };
		91187151296C19CE00F0E3D5 /* UIColor.swift */ = {isa = PBXFileReference; lastKnownFileType = sourcecode.swift; path = UIColor.swift; sourceTree = "<group>"; };
		9148B55E29671467000DCA7E /* Interactive.app */ = {isa = PBXFileReference; explicitFileType = wrapper.application; includeInIndex = 0; path = Interactive.app; sourceTree = BUILT_PRODUCTS_DIR; };
		9148B56329671467000DCA7E /* SceneDelegate.swift */ = {isa = PBXFileReference; lastKnownFileType = sourcecode.swift; path = SceneDelegate.swift; sourceTree = "<group>"; };
		9148B56529671467000DCA7E /* MenuViewController.swift */ = {isa = PBXFileReference; lastKnownFileType = sourcecode.swift; path = MenuViewController.swift; sourceTree = "<group>"; };
		9148B56A29671468000DCA7E /* Assets.xcassets */ = {isa = PBXFileReference; lastKnownFileType = folder.assetcatalog; path = Assets.xcassets; sourceTree = "<group>"; };
		9148B56D29671468000DCA7E /* Base */ = {isa = PBXFileReference; lastKnownFileType = file.storyboard; name = Base; path = Base.lproj/LaunchScreen.storyboard; sourceTree = "<group>"; };
		9148B56F29671468000DCA7E /* Info.plist */ = {isa = PBXFileReference; lastKnownFileType = text.plist.xml; path = Info.plist; sourceTree = "<group>"; };
		9148B5752967163F000DCA7E /* AppDelegate.swift */ = {isa = PBXFileReference; fileEncoding = 4; lastKnownFileType = sourcecode.swift; path = AppDelegate.swift; sourceTree = "<group>"; };
		9148B57929671930000DCA7E /* InteractiveViewController.swift */ = {isa = PBXFileReference; lastKnownFileType = sourcecode.swift; path = InteractiveViewController.swift; sourceTree = "<group>"; };
		9148B57C29672B50000DCA7E /* Interactive.swift */ = {isa = PBXFileReference; lastKnownFileType = sourcecode.swift; path = Interactive.swift; sourceTree = "<group>"; };
		9148B57F29672D50000DCA7E /* QuizViewController.swift */ = {isa = PBXFileReference; lastKnownFileType = sourcecode.swift; path = QuizViewController.swift; sourceTree = "<group>"; };
		9148B58129672D95000DCA7E /* MatchingViewController.swift */ = {isa = PBXFileReference; lastKnownFileType = sourcecode.swift; path = MatchingViewController.swift; sourceTree = "<group>"; };
		9148B58329672DBD000DCA7E /* DragAndDropViewController.swift */ = {isa = PBXFileReference; lastKnownFileType = sourcecode.swift; path = DragAndDropViewController.swift; sourceTree = "<group>"; };
		9148B58529672E5F000DCA7E /* FillFormViewController.swift */ = {isa = PBXFileReference; lastKnownFileType = sourcecode.swift; path = FillFormViewController.swift; sourceTree = "<group>"; };
		9148B58729672EAC000DCA7E /* RatingViewController.swift */ = {isa = PBXFileReference; lastKnownFileType = sourcecode.swift; path = RatingViewController.swift; sourceTree = "<group>"; };
		9148B589296730D1000DCA7E /* InteractiveCollectionViewCell.swift */ = {isa = PBXFileReference; lastKnownFileType = sourcecode.swift; path = InteractiveCollectionViewCell.swift; sourceTree = "<group>"; };
		9192C76A296D87E50050014C /* QuestionModel.swift */ = {isa = PBXFileReference; lastKnownFileType = sourcecode.swift; path = QuestionModel.swift; sourceTree = "<group>"; };
		9192C76E296DB88F0050014C /* QuestionCollectionViewCell.swift */ = {isa = PBXFileReference; lastKnownFileType = sourcecode.swift; path = QuestionCollectionViewCell.swift; sourceTree = "<group>"; };
		9192C76F296DB88F0050014C /* QuestionCollectionViewCell.xib */ = {isa = PBXFileReference; lastKnownFileType = file.xib; path = QuestionCollectionViewCell.xib; sourceTree = "<group>"; };
		91CE8349297312ED00CA0AC4 /* Splash.json */ = {isa = PBXFileReference; fileEncoding = 4; lastKnownFileType = text.json; path = Splash.json; sourceTree = "<group>"; };
		EA41C8B0E406E644EC0C480B /* Pods-Interactive.debug.xcconfig */ = {isa = PBXFileReference; includeInIndex = 1; lastKnownFileType = text.xcconfig; name = "Pods-Interactive.debug.xcconfig"; path = "Target Support Files/Pods-Interactive/Pods-Interactive.debug.xcconfig"; sourceTree = "<group>"; };
/* End PBXFileReference section */

/* Begin PBXFrameworksBuildPhase section */
		9148B55B29671467000DCA7E /* Frameworks */ = {
			isa = PBXFrameworksBuildPhase;
			buildActionMask = 2147483647;
			files = (
				CF036375A7C3239A62C1820A /* Pods_Interactive.framework in Frameworks */,
			);
			runOnlyForDeploymentPostprocessing = 0;
		};
/* End PBXFrameworksBuildPhase section */

/* Begin PBXGroup section */
		35BE3953245867A98A2EBB08 /* Frameworks */ = {
			isa = PBXGroup;
			children = (
				0FC639EC60343C700B929932 /* Pods_Interactive.framework */,
			);
			name = Frameworks;
			sourceTree = "<group>";
		};
		3850E8A500857D49F2823D20 /* Pods */ = {
			isa = PBXGroup;
			children = (
				EA41C8B0E406E644EC0C480B /* Pods-Interactive.debug.xcconfig */,
				7475E076AF7085CBEBD38FB1 /* Pods-Interactive.release.xcconfig */,
			);
			path = Pods;
			sourceTree = "<group>";
		};
		91187150296C195800F0E3D5 /* Extensions */ = {
			isa = PBXGroup;
			children = (
				91187151296C19CE00F0E3D5 /* UIColor.swift */,
			);
			path = Extensions;
			sourceTree = "<group>";
		};
		9148B55529671467000DCA7E = {
			isa = PBXGroup;
			children = (
				9148B56029671467000DCA7E /* Interactive */,
				9148B55F29671467000DCA7E /* Products */,
				3850E8A500857D49F2823D20 /* Pods */,
				35BE3953245867A98A2EBB08 /* Frameworks */,
			);
			sourceTree = "<group>";
		};
		9148B55F29671467000DCA7E /* Products */ = {
			isa = PBXGroup;
			children = (
				9148B55E29671467000DCA7E /* Interactive.app */,
			);
			name = Products;
			sourceTree = "<group>";
		};
		9148B56029671467000DCA7E /* Interactive */ = {
			isa = PBXGroup;
			children = (
				9148B57729671662000DCA7E /* Application */,
				9148B57829671690000DCA7E /* Resources */,
				9148B57B29672B2C000DCA7E /* Interactive Model */,
				9148B57E29672CB5000DCA7E /* ViewControllers */,
				9192C764296D80E00050014C /* Modules */,
				91187150296C195800F0E3D5 /* Extensions */,
			);
			path = Interactive;
			sourceTree = "<group>";
		};
		9148B57729671662000DCA7E /* Application */ = {
			isa = PBXGroup;
			children = (
				9148B56C29671468000DCA7E /* LaunchScreen.storyboard */,
				9148B5752967163F000DCA7E /* AppDelegate.swift */,
				9148B56329671467000DCA7E /* SceneDelegate.swift */,
				9148B56F29671468000DCA7E /* Info.plist */,
			);
			path = Application;
			sourceTree = "<group>";
		};
		9148B57829671690000DCA7E /* Resources */ = {
			isa = PBXGroup;
			children = (
				9148B56A29671468000DCA7E /* Assets.xcassets */,
				91CE8349297312ED00CA0AC4 /* Splash.json */,
			);
			path = Resources;
			sourceTree = "<group>";
		};
		9148B57B29672B2C000DCA7E /* Interactive Model */ = {
			isa = PBXGroup;
			children = (
				9148B57929671930000DCA7E /* InteractiveViewController.swift */,
				9148B57C29672B50000DCA7E /* Interactive.swift */,
				9148B589296730D1000DCA7E /* InteractiveCollectionViewCell.swift */,
			);
			path = "Interactive Model";
			sourceTree = "<group>";
		};
		9148B57E29672CB5000DCA7E /* ViewControllers */ = {
			isa = PBXGroup;
			children = (
				9148B56529671467000DCA7E /* MenuViewController.swift */,
				9148B57F29672D50000DCA7E /* QuizViewController.swift */,
				9148B58129672D95000DCA7E /* MatchingViewController.swift */,
				9148B58329672DBD000DCA7E /* DragAndDropViewController.swift */,
				9148B58529672E5F000DCA7E /* FillFormViewController.swift */,
				9148B58729672EAC000DCA7E /* RatingViewController.swift */,
			);
			path = ViewControllers;
			sourceTree = "<group>";
		};
		9192C764296D80E00050014C /* Modules */ = {
			isa = PBXGroup;
			children = (
				9192C769296D877D0050014C /* Quiz */,
			);
			path = Modules;
			sourceTree = "<group>";
		};
		9192C769296D877D0050014C /* Quiz */ = {
			isa = PBXGroup;
			children = (
				9192C76A296D87E50050014C /* QuestionModel.swift */,
				9192C76E296DB88F0050014C /* QuestionCollectionViewCell.swift */,
				9192C76F296DB88F0050014C /* QuestionCollectionViewCell.xib */,
			);
			path = Quiz;
			sourceTree = "<group>";
		};
/* End PBXGroup section */

/* Begin PBXNativeTarget section */
		9148B55D29671467000DCA7E /* Interactive */ = {
			isa = PBXNativeTarget;
			buildConfigurationList = 9148B57229671468000DCA7E /* Build configuration list for PBXNativeTarget "Interactive" */;
			buildPhases = (
				E6DEE675F64F9D8645163054 /* [CP] Check Pods Manifest.lock */,
				9148B55A29671467000DCA7E /* Sources */,
				9148B55B29671467000DCA7E /* Frameworks */,
				9148B55C29671467000DCA7E /* Resources */,
				A5A9891AE977812B9152B5A5 /* [CP] Embed Pods Frameworks */,
			);
			buildRules = (
			);
			dependencies = (
			);
			name = Interactive;
			productName = Interactive;
			productReference = 9148B55E29671467000DCA7E /* Interactive.app */;
			productType = "com.apple.product-type.application";
		};
/* End PBXNativeTarget section */

/* Begin PBXProject section */
		9148B55629671467000DCA7E /* Project object */ = {
			isa = PBXProject;
			attributes = {
				BuildIndependentTargetsInParallel = 1;
				LastSwiftUpdateCheck = 1410;
				LastUpgradeCheck = 1410;
				TargetAttributes = {
					9148B55D29671467000DCA7E = {
						CreatedOnToolsVersion = 14.1;
					};
				};
			};
			buildConfigurationList = 9148B55929671467000DCA7E /* Build configuration list for PBXProject "Interactive" */;
			compatibilityVersion = "Xcode 13.0";
			developmentRegion = en;
			hasScannedForEncodings = 0;
			knownRegions = (
				en,
				Base,
			);
			mainGroup = 9148B55529671467000DCA7E;
			productRefGroup = 9148B55F29671467000DCA7E /* Products */;
			projectDirPath = "";
			projectRoot = "";
			targets = (
				9148B55D29671467000DCA7E /* Interactive */,
			);
		};
/* End PBXProject section */

/* Begin PBXResourcesBuildPhase section */
		9148B55C29671467000DCA7E /* Resources */ = {
			isa = PBXResourcesBuildPhase;
			buildActionMask = 2147483647;
			files = (
				91CE834A297312ED00CA0AC4 /* Splash.json in Resources */,
				9192C771296DB88F0050014C /* QuestionCollectionViewCell.xib in Resources */,
				9148B56E29671468000DCA7E /* LaunchScreen.storyboard in Resources */,
				9148B56B29671468000DCA7E /* Assets.xcassets in Resources */,
			);
			runOnlyForDeploymentPostprocessing = 0;
		};
/* End PBXResourcesBuildPhase section */

/* Begin PBXShellScriptBuildPhase section */
		A5A9891AE977812B9152B5A5 /* [CP] Embed Pods Frameworks */ = {
			isa = PBXShellScriptBuildPhase;
			buildActionMask = 2147483647;
			files = (
			);
			inputFileListPaths = (
				"${PODS_ROOT}/Target Support Files/Pods-Interactive/Pods-Interactive-frameworks-${CONFIGURATION}-input-files.xcfilelist",
			);
			name = "[CP] Embed Pods Frameworks";
			outputFileListPaths = (
				"${PODS_ROOT}/Target Support Files/Pods-Interactive/Pods-Interactive-frameworks-${CONFIGURATION}-output-files.xcfilelist",
			);
			runOnlyForDeploymentPostprocessing = 0;
			shellPath = /bin/sh;
			shellScript = "\"${PODS_ROOT}/Target Support Files/Pods-Interactive/Pods-Interactive-frameworks.sh\"\n";
			showEnvVarsInLog = 0;
		};
		E6DEE675F64F9D8645163054 /* [CP] Check Pods Manifest.lock */ = {
			isa = PBXShellScriptBuildPhase;
			buildActionMask = 2147483647;
			files = (
			);
			inputFileListPaths = (
			);
			inputPaths = (
				"${PODS_PODFILE_DIR_PATH}/Podfile.lock",
				"${PODS_ROOT}/Manifest.lock",
			);
			name = "[CP] Check Pods Manifest.lock";
			outputFileListPaths = (
			);
			outputPaths = (
				"$(DERIVED_FILE_DIR)/Pods-Interactive-checkManifestLockResult.txt",
			);
			runOnlyForDeploymentPostprocessing = 0;
			shellPath = /bin/sh;
			shellScript = "diff \"${PODS_PODFILE_DIR_PATH}/Podfile.lock\" \"${PODS_ROOT}/Manifest.lock\" > /dev/null\nif [ $? != 0 ] ; then\n    # print error to STDERR\n    echo \"error: The sandbox is not in sync with the Podfile.lock. Run 'pod install' or update your CocoaPods installation.\" >&2\n    exit 1\nfi\n# This output is used by Xcode 'outputs' to avoid re-running this script phase.\necho \"SUCCESS\" > \"${SCRIPT_OUTPUT_FILE_0}\"\n";
			showEnvVarsInLog = 0;
		};
/* End PBXShellScriptBuildPhase section */

/* Begin PBXSourcesBuildPhase section */
		9148B55A29671467000DCA7E /* Sources */ = {
			isa = PBXSourcesBuildPhase;
			buildActionMask = 2147483647;
			files = (
				9192C76B296D87E50050014C /* QuestionModel.swift in Sources */,
				9148B58A296730D1000DCA7E /* InteractiveCollectionViewCell.swift in Sources */,
				9192C770296DB88F0050014C /* QuestionCollectionViewCell.swift in Sources */,
				9148B5762967163F000DCA7E /* AppDelegate.swift in Sources */,
				9148B58829672EAC000DCA7E /* RatingViewController.swift in Sources */,
				91187152296C19CE00F0E3D5 /* UIColor.swift in Sources */,
				9148B56629671467000DCA7E /* MenuViewController.swift in Sources */,
				9148B58229672D95000DCA7E /* MatchingViewController.swift in Sources */,
				9148B56429671467000DCA7E /* SceneDelegate.swift in Sources */,
				9148B58029672D50000DCA7E /* QuizViewController.swift in Sources */,
				9148B57A29671930000DCA7E /* InteractiveViewController.swift in Sources */,
				9148B57D29672B50000DCA7E /* Interactive.swift in Sources */,
				9148B58629672E5F000DCA7E /* FillFormViewController.swift in Sources */,
				9148B58429672DBD000DCA7E /* DragAndDropViewController.swift in Sources */,
			);
			runOnlyForDeploymentPostprocessing = 0;
		};
/* End PBXSourcesBuildPhase section */

/* Begin PBXVariantGroup section */
		9148B56C29671468000DCA7E /* LaunchScreen.storyboard */ = {
			isa = PBXVariantGroup;
			children = (
				9148B56D29671468000DCA7E /* Base */,
			);
			name = LaunchScreen.storyboard;
			sourceTree = "<group>";
		};
/* End PBXVariantGroup section */

/* Begin XCBuildConfiguration section */
		9148B57029671468000DCA7E /* Debug */ = {
			isa = XCBuildConfiguration;
			buildSettings = {
				ALWAYS_SEARCH_USER_PATHS = NO;
				CLANG_ANALYZER_NONNULL = YES;
				CLANG_ANALYZER_NUMBER_OBJECT_CONVERSION = YES_AGGRESSIVE;
				CLANG_CXX_LANGUAGE_STANDARD = "gnu++20";
				CLANG_ENABLE_MODULES = YES;
				CLANG_ENABLE_OBJC_ARC = YES;
				CLANG_ENABLE_OBJC_WEAK = YES;
				CLANG_WARN_BLOCK_CAPTURE_AUTORELEASING = YES;
				CLANG_WARN_BOOL_CONVERSION = YES;
				CLANG_WARN_COMMA = YES;
				CLANG_WARN_CONSTANT_CONVERSION = YES;
				CLANG_WARN_DEPRECATED_OBJC_IMPLEMENTATIONS = YES;
				CLANG_WARN_DIRECT_OBJC_ISA_USAGE = YES_ERROR;
				CLANG_WARN_DOCUMENTATION_COMMENTS = YES;
				CLANG_WARN_EMPTY_BODY = YES;
				CLANG_WARN_ENUM_CONVERSION = YES;
				CLANG_WARN_INFINITE_RECURSION = YES;
				CLANG_WARN_INT_CONVERSION = YES;
				CLANG_WARN_NON_LITERAL_NULL_CONVERSION = YES;
				CLANG_WARN_OBJC_IMPLICIT_RETAIN_SELF = YES;
				CLANG_WARN_OBJC_LITERAL_CONVERSION = YES;
				CLANG_WARN_OBJC_ROOT_CLASS = YES_ERROR;
				CLANG_WARN_QUOTED_INCLUDE_IN_FRAMEWORK_HEADER = YES;
				CLANG_WARN_RANGE_LOOP_ANALYSIS = YES;
				CLANG_WARN_STRICT_PROTOTYPES = YES;
				CLANG_WARN_SUSPICIOUS_MOVE = YES;
				CLANG_WARN_UNGUARDED_AVAILABILITY = YES_AGGRESSIVE;
				CLANG_WARN_UNREACHABLE_CODE = YES;
				CLANG_WARN__DUPLICATE_METHOD_MATCH = YES;
				COPY_PHASE_STRIP = NO;
				DEBUG_INFORMATION_FORMAT = dwarf;
				ENABLE_STRICT_OBJC_MSGSEND = YES;
				ENABLE_TESTABILITY = YES;
				GCC_C_LANGUAGE_STANDARD = gnu11;
				GCC_DYNAMIC_NO_PIC = NO;
				GCC_NO_COMMON_BLOCKS = YES;
				GCC_OPTIMIZATION_LEVEL = 0;
				GCC_PREPROCESSOR_DEFINITIONS = (
					"DEBUG=1",
					"$(inherited)",
				);
				GCC_WARN_64_TO_32_BIT_CONVERSION = YES;
				GCC_WARN_ABOUT_RETURN_TYPE = YES_ERROR;
				GCC_WARN_UNDECLARED_SELECTOR = YES;
				GCC_WARN_UNINITIALIZED_AUTOS = YES_AGGRESSIVE;
				GCC_WARN_UNUSED_FUNCTION = YES;
				GCC_WARN_UNUSED_VARIABLE = YES;
				IPHONEOS_DEPLOYMENT_TARGET = 16.1;
				MTL_ENABLE_DEBUG_INFO = INCLUDE_SOURCE;
				MTL_FAST_MATH = YES;
				ONLY_ACTIVE_ARCH = YES;
				SDKROOT = iphoneos;
				SWIFT_ACTIVE_COMPILATION_CONDITIONS = DEBUG;
				SWIFT_OPTIMIZATION_LEVEL = "-Onone";
			};
			name = Debug;
		};
		9148B57129671468000DCA7E /* Release */ = {
			isa = XCBuildConfiguration;
			buildSettings = {
				ALWAYS_SEARCH_USER_PATHS = NO;
				CLANG_ANALYZER_NONNULL = YES;
				CLANG_ANALYZER_NUMBER_OBJECT_CONVERSION = YES_AGGRESSIVE;
				CLANG_CXX_LANGUAGE_STANDARD = "gnu++20";
				CLANG_ENABLE_MODULES = YES;
				CLANG_ENABLE_OBJC_ARC = YES;
				CLANG_ENABLE_OBJC_WEAK = YES;
				CLANG_WARN_BLOCK_CAPTURE_AUTORELEASING = YES;
				CLANG_WARN_BOOL_CONVERSION = YES;
				CLANG_WARN_COMMA = YES;
				CLANG_WARN_CONSTANT_CONVERSION = YES;
				CLANG_WARN_DEPRECATED_OBJC_IMPLEMENTATIONS = YES;
				CLANG_WARN_DIRECT_OBJC_ISA_USAGE = YES_ERROR;
				CLANG_WARN_DOCUMENTATION_COMMENTS = YES;
				CLANG_WARN_EMPTY_BODY = YES;
				CLANG_WARN_ENUM_CONVERSION = YES;
				CLANG_WARN_INFINITE_RECURSION = YES;
				CLANG_WARN_INT_CONVERSION = YES;
				CLANG_WARN_NON_LITERAL_NULL_CONVERSION = YES;
				CLANG_WARN_OBJC_IMPLICIT_RETAIN_SELF = YES;
				CLANG_WARN_OBJC_LITERAL_CONVERSION = YES;
				CLANG_WARN_OBJC_ROOT_CLASS = YES_ERROR;
				CLANG_WARN_QUOTED_INCLUDE_IN_FRAMEWORK_HEADER = YES;
				CLANG_WARN_RANGE_LOOP_ANALYSIS = YES;
				CLANG_WARN_STRICT_PROTOTYPES = YES;
				CLANG_WARN_SUSPICIOUS_MOVE = YES;
				CLANG_WARN_UNGUARDED_AVAILABILITY = YES_AGGRESSIVE;
				CLANG_WARN_UNREACHABLE_CODE = YES;
				CLANG_WARN__DUPLICATE_METHOD_MATCH = YES;
				COPY_PHASE_STRIP = NO;
				DEBUG_INFORMATION_FORMAT = "dwarf-with-dsym";
				ENABLE_NS_ASSERTIONS = NO;
				ENABLE_STRICT_OBJC_MSGSEND = YES;
				GCC_C_LANGUAGE_STANDARD = gnu11;
				GCC_NO_COMMON_BLOCKS = YES;
				GCC_WARN_64_TO_32_BIT_CONVERSION = YES;
				GCC_WARN_ABOUT_RETURN_TYPE = YES_ERROR;
				GCC_WARN_UNDECLARED_SELECTOR = YES;
				GCC_WARN_UNINITIALIZED_AUTOS = YES_AGGRESSIVE;
				GCC_WARN_UNUSED_FUNCTION = YES;
				GCC_WARN_UNUSED_VARIABLE = YES;
				IPHONEOS_DEPLOYMENT_TARGET = 16.1;
				MTL_ENABLE_DEBUG_INFO = NO;
				MTL_FAST_MATH = YES;
				SDKROOT = iphoneos;
				SWIFT_COMPILATION_MODE = wholemodule;
				SWIFT_OPTIMIZATION_LEVEL = "-O";
				VALIDATE_PRODUCT = YES;
			};
			name = Release;
		};
		9148B57329671468000DCA7E /* Debug */ = {
			isa = XCBuildConfiguration;
			baseConfigurationReference = EA41C8B0E406E644EC0C480B /* Pods-Interactive.debug.xcconfig */;
			buildSettings = {
				ASSETCATALOG_COMPILER_APPICON_NAME = AppIcon;
				ASSETCATALOG_COMPILER_GLOBAL_ACCENT_COLOR_NAME = AccentColor;
				CODE_SIGN_STYLE = Automatic;
				CURRENT_PROJECT_VERSION = 1;
				DEVELOPMENT_TEAM = BMKNRW4V63;
				GENERATE_INFOPLIST_FILE = YES;
				INFOPLIST_FILE = Interactive/Application/Info.plist;
				INFOPLIST_KEY_UIApplicationSupportsIndirectInputEvents = YES;
				INFOPLIST_KEY_UILaunchStoryboardName = LaunchScreen;
				INFOPLIST_KEY_UIStatusBarStyle = "";
				INFOPLIST_KEY_UISupportedInterfaceOrientations_iPad = "UIInterfaceOrientationPortrait UIInterfaceOrientationPortraitUpsideDown UIInterfaceOrientationLandscapeLeft UIInterfaceOrientationLandscapeRight";
				INFOPLIST_KEY_UISupportedInterfaceOrientations_iPhone = "UIInterfaceOrientationPortrait UIInterfaceOrientationLandscapeLeft UIInterfaceOrientationLandscapeRight";
				IPHONEOS_DEPLOYMENT_TARGET = 15.0;
				LD_RUNPATH_SEARCH_PATHS = (
					"$(inherited)",
					"@executable_path/Frameworks",
				);
				MARKETING_VERSION = 1.0;
				PRODUCT_BUNDLE_IDENTIFIER = vk.cups.Interactive;
				PRODUCT_NAME = "$(TARGET_NAME)";
				SWIFT_EMIT_LOC_STRINGS = YES;
				SWIFT_VERSION = 5.0;
				TARGETED_DEVICE_FAMILY = "1,2";
			};
			name = Debug;
		};
		9148B57429671468000DCA7E /* Release */ = {
			isa = XCBuildConfiguration;
			baseConfigurationReference = 7475E076AF7085CBEBD38FB1 /* Pods-Interactive.release.xcconfig */;
			buildSettings = {
				ASSETCATALOG_COMPILER_APPICON_NAME = AppIcon;
				ASSETCATALOG_COMPILER_GLOBAL_ACCENT_COLOR_NAME = AccentColor;
				CODE_SIGN_STYLE = Automatic;
				CURRENT_PROJECT_VERSION = 1;
				DEVELOPMENT_TEAM = BMKNRW4V63;
				GENERATE_INFOPLIST_FILE = YES;
				INFOPLIST_FILE = Interactive/Application/Info.plist;
				INFOPLIST_KEY_UIApplicationSupportsIndirectInputEvents = YES;
				INFOPLIST_KEY_UILaunchStoryboardName = LaunchScreen;
				INFOPLIST_KEY_UIStatusBarStyle = "";
				INFOPLIST_KEY_UISupportedInterfaceOrientations_iPad = "UIInterfaceOrientationPortrait UIInterfaceOrientationPortraitUpsideDown UIInterfaceOrientationLandscapeLeft UIInterfaceOrientationLandscapeRight";
				INFOPLIST_KEY_UISupportedInterfaceOrientations_iPhone = "UIInterfaceOrientationPortrait UIInterfaceOrientationLandscapeLeft UIInterfaceOrientationLandscapeRight";
				IPHONEOS_DEPLOYMENT_TARGET = 15.0;
				LD_RUNPATH_SEARCH_PATHS = (
					"$(inherited)",
					"@executable_path/Frameworks",
				);
				MARKETING_VERSION = 1.0;
				PRODUCT_BUNDLE_IDENTIFIER = vk.cups.Interactive;
				PRODUCT_NAME = "$(TARGET_NAME)";
				SWIFT_EMIT_LOC_STRINGS = YES;
				SWIFT_VERSION = 5.0;
				TARGETED_DEVICE_FAMILY = "1,2";
			};
			name = Release;
		};
/* End XCBuildConfiguration section */

/* Begin XCConfigurationList section */
		9148B55929671467000DCA7E /* Build configuration list for PBXProject "Interactive" */ = {
			isa = XCConfigurationList;
			buildConfigurations = (
				9148B57029671468000DCA7E /* Debug */,
				9148B57129671468000DCA7E /* Release */,
			);
			defaultConfigurationIsVisible = 0;
			defaultConfigurationName = Release;
		};
		9148B57229671468000DCA7E /* Build configuration list for PBXNativeTarget "Interactive" */ = {
			isa = XCConfigurationList;
			buildConfigurations = (
				9148B57329671468000DCA7E /* Debug */,
				9148B57429671468000DCA7E /* Release */,
			);
			defaultConfigurationIsVisible = 0;
			defaultConfigurationName = Release;
		};
/* End XCConfigurationList section */
	};
	rootObject = 9148B55629671467000DCA7E /* Project object */;
}
